// !$*UTF8*$!
{
	archiveVersion = 1;
	classes = {
	};
	objectVersion = 77;
	objects = {

/* Begin PBXBuildFile section */
		DD22C63F2DD2869B004C58C8 /* WidgetKit.framework in Frameworks */ = {isa = PBXBuildFile; fileRef = DD22C63E2DD2869B004C58C8 /* WidgetKit.framework */; };
		DD22C6412DD2869B004C58C8 /* SwiftUI.framework in Frameworks */ = {isa = PBXBuildFile; fileRef = DD22C6402DD2869B004C58C8 /* SwiftUI.framework */; };
		DD22C64E2DD2869C004C58C8 /* TrackerWidgetExtension.appex in Embed Foundation Extensions */ = {isa = PBXBuildFile; fileRef = DD22C63C2DD2869B004C58C8 /* TrackerWidgetExtension.appex */; settings = {ATTRIBUTES = (RemoveHeadersOnCopy, ); }; };
/* End PBXBuildFile section */

/* Begin PBXContainerItemProxy section */
		DD22C64C2DD2869C004C58C8 /* PBXContainerItemProxy */ = {
			isa = PBXContainerItemProxy;
			containerPortal = DDB15B082DC4150400512962 /* Project object */;
			proxyType = 1;
			remoteGlobalIDString = DD22C63B2DD2869B004C58C8;
			remoteInfo = TrackerWidgetExtension;
		};
		DDB15B232DC4150500512962 /* PBXContainerItemProxy */ = {
			isa = PBXContainerItemProxy;
			containerPortal = DDB15B082DC4150400512962 /* Project object */;
			proxyType = 1;
			remoteGlobalIDString = DDB15B0F2DC4150400512962;
			remoteInfo = tracker;
		};
		DDB15B2D2DC4150500512962 /* PBXContainerItemProxy */ = {
			isa = PBXContainerItemProxy;
			containerPortal = DDB15B082DC4150400512962 /* Project object */;
			proxyType = 1;
			remoteGlobalIDString = DDB15B0F2DC4150400512962;
			remoteInfo = tracker;
		};
/* End PBXContainerItemProxy section */

/* Begin PBXCopyFilesBuildPhase section */
		DD22C64F2DD2869C004C58C8 /* Embed Foundation Extensions */ = {
			isa = PBXCopyFilesBuildPhase;
			buildActionMask = 2147483647;
			dstPath = "";
			dstSubfolderSpec = 13;
			files = (
				DD22C64E2DD2869C004C58C8 /* TrackerWidgetExtension.appex in Embed Foundation Extensions */,
			);
			name = "Embed Foundation Extensions";
			runOnlyForDeploymentPostprocessing = 0;
		};
/* End PBXCopyFilesBuildPhase section */

/* Begin PBXFileReference section */
		DD22C63C2DD2869B004C58C8 /* TrackerWidgetExtension.appex */ = {isa = PBXFileReference; explicitFileType = "wrapper.app-extension"; includeInIndex = 0; path = TrackerWidgetExtension.appex; sourceTree = BUILT_PRODUCTS_DIR; };
		DD22C63E2DD2869B004C58C8 /* WidgetKit.framework */ = {isa = PBXFileReference; lastKnownFileType = wrapper.framework; name = WidgetKit.framework; path = System/Library/Frameworks/WidgetKit.framework; sourceTree = SDKROOT; };
		DD22C6402DD2869B004C58C8 /* SwiftUI.framework */ = {isa = PBXFileReference; lastKnownFileType = wrapper.framework; name = SwiftUI.framework; path = System/Library/Frameworks/SwiftUI.framework; sourceTree = SDKROOT; };
		DD22C6542DD290C1004C58C8 /* tracker.entitlements */ = {isa = PBXFileReference; lastKnownFileType = text.plist.entitlements; name = tracker.entitlements; path = tracker/tracker.entitlements; sourceTree = "<group>"; };
		DD22C6562DD29132004C58C8 /* TrackerWidgetExtension.entitlements */ = {isa = PBXFileReference; lastKnownFileType = text.plist.entitlements; path = TrackerWidgetExtension.entitlements; sourceTree = "<group>"; };
		DDB15B102DC4150400512962 /* tracker.app */ = {isa = PBXFileReference; explicitFileType = wrapper.application; includeInIndex = 0; path = tracker.app; sourceTree = BUILT_PRODUCTS_DIR; };
		DDB15B222DC4150500512962 /* trackerTests.xctest */ = {isa = PBXFileReference; explicitFileType = wrapper.cfbundle; includeInIndex = 0; path = trackerTests.xctest; sourceTree = BUILT_PRODUCTS_DIR; };
		DDB15B2C2DC4150500512962 /* trackerUITests.xctest */ = {isa = PBXFileReference; explicitFileType = wrapper.cfbundle; includeInIndex = 0; path = trackerUITests.xctest; sourceTree = BUILT_PRODUCTS_DIR; };
/* End PBXFileReference section */

/* Begin PBXFileSystemSynchronizedBuildFileExceptionSet section */
		DD22C6522DD2869C004C58C8 /* Exceptions for "TrackerWidget" folder in "TrackerWidgetExtension" target */ = {
			isa = PBXFileSystemSynchronizedBuildFileExceptionSet;
			membershipExceptions = (
				Info.plist,
			);
			target = DD22C63B2DD2869B004C58C8 /* TrackerWidgetExtension */;
		};
		DD22C6582DD2916D004C58C8 /* Exceptions for "Tracker" folder in "TrackerWidgetExtension" target */ = {
			isa = PBXFileSystemSynchronizedBuildFileExceptionSet;
			membershipExceptions = (
				Persistence.swift,
				tracker.xcdatamodeld,
			);
			target = DD22C63B2DD2869B004C58C8 /* TrackerWidgetExtension */;
		};
/* End PBXFileSystemSynchronizedBuildFileExceptionSet section */

/* Begin PBXFileSystemSynchronizedRootGroup section */
		DD22C6422DD2869B004C58C8 /* TrackerWidget */ = {
			isa = PBXFileSystemSynchronizedRootGroup;
			exceptions = (
				DD22C6522DD2869C004C58C8 /* Exceptions for "TrackerWidget" folder in "TrackerWidgetExtension" target */,
			);
			path = TrackerWidget;
			sourceTree = "<group>";
		};
		DDB15B122DC4150400512962 /* Tracker */ = {
			isa = PBXFileSystemSynchronizedRootGroup;
			exceptions = (
				DD22C6582DD2916D004C58C8 /* Exceptions for "Tracker" folder in "TrackerWidgetExtension" target */,
			);
			path = Tracker;
			sourceTree = "<group>";
		};
		DDB15B252DC4150500512962 /* trackerTests */ = {
			isa = PBXFileSystemSynchronizedRootGroup;
			path = trackerTests;
			sourceTree = "<group>";
		};
		DDB15B2F2DC4150500512962 /* trackerUITests */ = {
			isa = PBXFileSystemSynchronizedRootGroup;
			path = trackerUITests;
			sourceTree = "<group>";
		};
/* End PBXFileSystemSynchronizedRootGroup section */

/* Begin PBXFrameworksBuildPhase section */
		DD22C6392DD2869B004C58C8 /* Frameworks */ = {
			isa = PBXFrameworksBuildPhase;
			buildActionMask = 2147483647;
			files = (
				DD22C6412DD2869B004C58C8 /* SwiftUI.framework in Frameworks */,
				DD22C63F2DD2869B004C58C8 /* WidgetKit.framework in Frameworks */,
			);
			runOnlyForDeploymentPostprocessing = 0;
		};
		DDB15B0D2DC4150400512962 /* Frameworks */ = {
			isa = PBXFrameworksBuildPhase;
			buildActionMask = 2147483647;
			files = (
			);
			runOnlyForDeploymentPostprocessing = 0;
		};
		DDB15B1F2DC4150500512962 /* Frameworks */ = {
			isa = PBXFrameworksBuildPhase;
			buildActionMask = 2147483647;
			files = (
			);
			runOnlyForDeploymentPostprocessing = 0;
		};
		DDB15B292DC4150500512962 /* Frameworks */ = {
			isa = PBXFrameworksBuildPhase;
			buildActionMask = 2147483647;
			files = (
			);
			runOnlyForDeploymentPostprocessing = 0;
		};
/* End PBXFrameworksBuildPhase section */

/* Begin PBXGroup section */
		DD22C63D2DD2869B004C58C8 /* Frameworks */ = {
			isa = PBXGroup;
			children = (
				DD22C63E2DD2869B004C58C8 /* WidgetKit.framework */,
				DD22C6402DD2869B004C58C8 /* SwiftUI.framework */,
			);
			name = Frameworks;
			sourceTree = "<group>";
		};
		DDB15B072DC4150400512962 = {
			isa = PBXGroup;
			children = (
				DD22C6562DD29132004C58C8 /* TrackerWidgetExtension.entitlements */,
				DD22C6542DD290C1004C58C8 /* tracker.entitlements */,
				DDB15B122DC4150400512962 /* Tracker */,
				DDB15B252DC4150500512962 /* trackerTests */,
				DDB15B2F2DC4150500512962 /* trackerUITests */,
				DD22C6422DD2869B004C58C8 /* TrackerWidget */,
				DD22C63D2DD2869B004C58C8 /* Frameworks */,
				DDB15B112DC4150400512962 /* Products */,
			);
			sourceTree = "<group>";
		};
		DDB15B112DC4150400512962 /* Products */ = {
			isa = PBXGroup;
			children = (
				DDB15B102DC4150400512962 /* tracker.app */,
				DDB15B222DC4150500512962 /* trackerTests.xctest */,
				DDB15B2C2DC4150500512962 /* trackerUITests.xctest */,
				DD22C63C2DD2869B004C58C8 /* TrackerWidgetExtension.appex */,
			);
			name = Products;
			sourceTree = "<group>";
		};
/* End PBXGroup section */

/* Begin PBXNativeTarget section */
		DD22C63B2DD2869B004C58C8 /* TrackerWidgetExtension */ = {
			isa = PBXNativeTarget;
			buildConfigurationList = DD22C6532DD2869C004C58C8 /* Build configuration list for PBXNativeTarget "TrackerWidgetExtension" */;
			buildPhases = (
				DD22C6382DD2869B004C58C8 /* Sources */,
				DD22C6392DD2869B004C58C8 /* Frameworks */,
				DD22C63A2DD2869B004C58C8 /* Resources */,
			);
			buildRules = (
			);
			dependencies = (
			);
			fileSystemSynchronizedGroups = (
				DD22C6422DD2869B004C58C8 /* TrackerWidget */,
			);
			name = TrackerWidgetExtension;
			packageProductDependencies = (
			);
			productName = TrackerWidgetExtension;
			productReference = DD22C63C2DD2869B004C58C8 /* TrackerWidgetExtension.appex */;
			productType = "com.apple.product-type.app-extension";
		};
		DDB15B0F2DC4150400512962 /* tracker */ = {
			isa = PBXNativeTarget;
			buildConfigurationList = DDB15B362DC4150500512962 /* Build configuration list for PBXNativeTarget "tracker" */;
			buildPhases = (
				DDB15B0C2DC4150400512962 /* Sources */,
				DDB15B0D2DC4150400512962 /* Frameworks */,
				DDB15B0E2DC4150400512962 /* Resources */,
				DD22C64F2DD2869C004C58C8 /* Embed Foundation Extensions */,
			);
			buildRules = (
			);
			dependencies = (
				DD22C64D2DD2869C004C58C8 /* PBXTargetDependency */,
			);
			fileSystemSynchronizedGroups = (
				DDB15B122DC4150400512962 /* Tracker */,
			);
			name = tracker;
			packageProductDependencies = (
			);
			productName = tracker;
			productReference = DDB15B102DC4150400512962 /* tracker.app */;
			productType = "com.apple.product-type.application";
		};
		DDB15B212DC4150500512962 /* trackerTests */ = {
			isa = PBXNativeTarget;
			buildConfigurationList = DDB15B392DC4150500512962 /* Build configuration list for PBXNativeTarget "trackerTests" */;
			buildPhases = (
				DDB15B1E2DC4150500512962 /* Sources */,
				DDB15B1F2DC4150500512962 /* Frameworks */,
				DDB15B202DC4150500512962 /* Resources */,
			);
			buildRules = (
			);
			dependencies = (
				DDB15B242DC4150500512962 /* PBXTargetDependency */,
			);
			fileSystemSynchronizedGroups = (
				DDB15B252DC4150500512962 /* trackerTests */,
			);
			name = trackerTests;
			packageProductDependencies = (
			);
			productName = trackerTests;
			productReference = DDB15B222DC4150500512962 /* trackerTests.xctest */;
			productType = "com.apple.product-type.bundle.unit-test";
		};
		DDB15B2B2DC4150500512962 /* trackerUITests */ = {
			isa = PBXNativeTarget;
			buildConfigurationList = DDB15B3C2DC4150500512962 /* Build configuration list for PBXNativeTarget "trackerUITests" */;
			buildPhases = (
				DDB15B282DC4150500512962 /* Sources */,
				DDB15B292DC4150500512962 /* Frameworks */,
				DDB15B2A2DC4150500512962 /* Resources */,
			);
			buildRules = (
			);
			dependencies = (
				DDB15B2E2DC4150500512962 /* PBXTargetDependency */,
			);
			fileSystemSynchronizedGroups = (
				DDB15B2F2DC4150500512962 /* trackerUITests */,
			);
			name = trackerUITests;
			packageProductDependencies = (
			);
			productName = trackerUITests;
			productReference = DDB15B2C2DC4150500512962 /* trackerUITests.xctest */;
			productType = "com.apple.product-type.bundle.ui-testing";
		};
/* End PBXNativeTarget section */

/* Begin PBXProject section */
		DDB15B082DC4150400512962 /* Project object */ = {
			isa = PBXProject;
			attributes = {
				BuildIndependentTargetsInParallel = 1;
				LastSwiftUpdateCheck = 1630;
				LastUpgradeCheck = 1630;
				TargetAttributes = {
					DD22C63B2DD2869B004C58C8 = {
						CreatedOnToolsVersion = 16.3;
					};
					DDB15B0F2DC4150400512962 = {
						CreatedOnToolsVersion = 16.3;
					};
					DDB15B212DC4150500512962 = {
						CreatedOnToolsVersion = 16.3;
						TestTargetID = DDB15B0F2DC4150400512962;
					};
					DDB15B2B2DC4150500512962 = {
						CreatedOnToolsVersion = 16.3;
						TestTargetID = DDB15B0F2DC4150400512962;
					};
				};
			};
			buildConfigurationList = DDB15B0B2DC4150400512962 /* Build configuration list for PBXProject "tracker" */;
			developmentRegion = en;
			hasScannedForEncodings = 0;
			knownRegions = (
				en,
				Base,
			);
			mainGroup = DDB15B072DC4150400512962;
			minimizedProjectReferenceProxies = 1;
			preferredProjectObjectVersion = 77;
			productRefGroup = DDB15B112DC4150400512962 /* Products */;
			projectDirPath = "";
			projectRoot = "";
			targets = (
				DDB15B0F2DC4150400512962 /* tracker */,
				DDB15B212DC4150500512962 /* trackerTests */,
				DDB15B2B2DC4150500512962 /* trackerUITests */,
				DD22C63B2DD2869B004C58C8 /* TrackerWidgetExtension */,
			);
		};
/* End PBXProject section */

/* Begin PBXResourcesBuildPhase section */
		DD22C63A2DD2869B004C58C8 /* Resources */ = {
			isa = PBXResourcesBuildPhase;
			buildActionMask = 2147483647;
			files = (
			);
			runOnlyForDeploymentPostprocessing = 0;
		};
		DDB15B0E2DC4150400512962 /* Resources */ = {
			isa = PBXResourcesBuildPhase;
			buildActionMask = 2147483647;
			files = (
			);
			runOnlyForDeploymentPostprocessing = 0;
		};
		DDB15B202DC4150500512962 /* Resources */ = {
			isa = PBXResourcesBuildPhase;
			buildActionMask = 2147483647;
			files = (
			);
			runOnlyForDeploymentPostprocessing = 0;
		};
		DDB15B2A2DC4150500512962 /* Resources */ = {
			isa = PBXResourcesBuildPhase;
			buildActionMask = 2147483647;
			files = (
			);
			runOnlyForDeploymentPostprocessing = 0;
		};
/* End PBXResourcesBuildPhase section */

/* Begin PBXSourcesBuildPhase section */
		DD22C6382DD2869B004C58C8 /* Sources */ = {
			isa = PBXSourcesBuildPhase;
			buildActionMask = 2147483647;
			files = (
			);
			runOnlyForDeploymentPostprocessing = 0;
		};
		DDB15B0C2DC4150400512962 /* Sources */ = {
			isa = PBXSourcesBuildPhase;
			buildActionMask = 2147483647;
			files = (
			);
			runOnlyForDeploymentPostprocessing = 0;
		};
		DDB15B1E2DC4150500512962 /* Sources */ = {
			isa = PBXSourcesBuildPhase;
			buildActionMask = 2147483647;
			files = (
			);
			runOnlyForDeploymentPostprocessing = 0;
		};
		DDB15B282DC4150500512962 /* Sources */ = {
			isa = PBXSourcesBuildPhase;
			buildActionMask = 2147483647;
			files = (
			);
			runOnlyForDeploymentPostprocessing = 0;
		};
/* End PBXSourcesBuildPhase section */

/* Begin PBXTargetDependency section */
		DD22C64D2DD2869C004C58C8 /* PBXTargetDependency */ = {
			isa = PBXTargetDependency;
			target = DD22C63B2DD2869B004C58C8 /* TrackerWidgetExtension */;
			targetProxy = DD22C64C2DD2869C004C58C8 /* PBXContainerItemProxy */;
		};
		DDB15B242DC4150500512962 /* PBXTargetDependency */ = {
			isa = PBXTargetDependency;
			target = DDB15B0F2DC4150400512962 /* tracker */;
			targetProxy = DDB15B232DC4150500512962 /* PBXContainerItemProxy */;
		};
		DDB15B2E2DC4150500512962 /* PBXTargetDependency */ = {
			isa = PBXTargetDependency;
			target = DDB15B0F2DC4150400512962 /* tracker */;
			targetProxy = DDB15B2D2DC4150500512962 /* PBXContainerItemProxy */;
		};
/* End PBXTargetDependency section */

/* Begin XCBuildConfiguration section */
		DD22C6502DD2869C004C58C8 /* Debug */ = {
			isa = XCBuildConfiguration;
			buildSettings = {
				ASSETCATALOG_COMPILER_GLOBAL_ACCENT_COLOR_NAME = AccentColor;
				ASSETCATALOG_COMPILER_WIDGET_BACKGROUND_COLOR_NAME = WidgetBackground;
				CODE_SIGN_ENTITLEMENTS = TrackerWidgetExtension.entitlements;
				CODE_SIGN_STYLE = Automatic;
				CURRENT_PROJECT_VERSION = 1;
				DEVELOPMENT_TEAM = 8H232A89JN;
				GENERATE_INFOPLIST_FILE = YES;
				INFOPLIST_FILE = TrackerWidget/Info.plist;
				INFOPLIST_KEY_CFBundleDisplayName = TrackerWidget;
				INFOPLIST_KEY_NSHumanReadableCopyright = "";
				LD_RUNPATH_SEARCH_PATHS = (
					"$(inherited)",
					"@executable_path/Frameworks",
					"@executable_path/../../Frameworks",
				);
				MARKETING_VERSION = 1.0;
				PRODUCT_BUNDLE_IDENTIFIER = com.none.tracker.widget;
				PRODUCT_NAME = "$(TARGET_NAME)";
				SKIP_INSTALL = YES;
				SWIFT_EMIT_LOC_STRINGS = YES;
				SWIFT_VERSION = 5.0;
				TARGETED_DEVICE_FAMILY = "1,2";
			};
			name = Debug;
		};
		DD22C6512DD2869C004C58C8 /* Release */ = {
			isa = XCBuildConfiguration;
			buildSettings = {
				ASSETCATALOG_COMPILER_GLOBAL_ACCENT_COLOR_NAME = AccentColor;
				ASSETCATALOG_COMPILER_WIDGET_BACKGROUND_COLOR_NAME = WidgetBackground;
				CODE_SIGN_ENTITLEMENTS = TrackerWidgetExtension.entitlements;
				CODE_SIGN_STYLE = Automatic;
				CURRENT_PROJECT_VERSION = 1;
				DEVELOPMENT_TEAM = 8H232A89JN;
				GENERATE_INFOPLIST_FILE = YES;
				INFOPLIST_FILE = TrackerWidget/Info.plist;
				INFOPLIST_KEY_CFBundleDisplayName = TrackerWidget;
				INFOPLIST_KEY_NSHumanReadableCopyright = "";
				LD_RUNPATH_SEARCH_PATHS = (
					"$(inherited)",
					"@executable_path/Frameworks",
					"@executable_path/../../Frameworks",
				);
				MARKETING_VERSION = 1.0;
				PRODUCT_BUNDLE_IDENTIFIER = com.none.tracker.widget;
				PRODUCT_NAME = "$(TARGET_NAME)";
				SKIP_INSTALL = YES;
				SWIFT_EMIT_LOC_STRINGS = YES;
				SWIFT_VERSION = 5.0;
				TARGETED_DEVICE_FAMILY = "1,2";
			};
			name = Release;
		};
		DDB15B342DC4150500512962 /* Debug */ = {
			isa = XCBuildConfiguration;
			buildSettings = {
				ALWAYS_SEARCH_USER_PATHS = NO;
				ASSETCATALOG_COMPILER_GENERATE_SWIFT_ASSET_SYMBOL_EXTENSIONS = YES;
				CLANG_ANALYZER_NONNULL = YES;
				CLANG_ANALYZER_NUMBER_OBJECT_CONVERSION = YES_AGGRESSIVE;
				CLANG_CXX_LANGUAGE_STANDARD = "gnu++20";
				CLANG_ENABLE_MODULES = YES;
				CLANG_ENABLE_OBJC_ARC = YES;
				CLANG_ENABLE_OBJC_WEAK = YES;
				CLANG_WARN_BLOCK_CAPTURE_AUTORELEASING = YES;
				CLANG_WARN_BOOL_CONVERSION = YES;
				CLANG_WARN_COMMA = YES;
				CLANG_WARN_CONSTANT_CONVERSION = YES;
				CLANG_WARN_DEPRECATED_OBJC_IMPLEMENTATIONS = YES;
				CLANG_WARN_DIRECT_OBJC_ISA_USAGE = YES_ERROR;
				CLANG_WARN_DOCUMENTATION_COMMENTS = YES;
				CLANG_WARN_EMPTY_BODY = YES;
				CLANG_WARN_ENUM_CONVERSION = YES;
				CLANG_WARN_INFINITE_RECURSION = YES;
				CLANG_WARN_INT_CONVERSION = YES;
				CLANG_WARN_NON_LITERAL_NULL_CONVERSION = YES;
				CLANG_WARN_OBJC_IMPLICIT_RETAIN_SELF = YES;
				CLANG_WARN_OBJC_LITERAL_CONVERSION = YES;
				CLANG_WARN_OBJC_ROOT_CLASS = YES_ERROR;
				CLANG_WARN_QUOTED_INCLUDE_IN_FRAMEWORK_HEADER = YES;
				CLANG_WARN_RANGE_LOOP_ANALYSIS = YES;
				CLANG_WARN_STRICT_PROTOTYPES = YES;
				CLANG_WARN_SUSPICIOUS_MOVE = YES;
				CLANG_WARN_UNGUARDED_AVAILABILITY = YES_AGGRESSIVE;
				CLANG_WARN_UNREACHABLE_CODE = YES;
				CLANG_WARN__DUPLICATE_METHOD_MATCH = YES;
				COPY_PHASE_STRIP = NO;
				DEBUG_INFORMATION_FORMAT = dwarf;
				DEVELOPMENT_TEAM = 8H232A89JN;
				ENABLE_STRICT_OBJC_MSGSEND = YES;
				ENABLE_TESTABILITY = YES;
				ENABLE_USER_SCRIPT_SANDBOXING = YES;
				GCC_C_LANGUAGE_STANDARD = gnu17;
				GCC_DYNAMIC_NO_PIC = NO;
				GCC_NO_COMMON_BLOCKS = YES;
				GCC_OPTIMIZATION_LEVEL = 0;
				GCC_PREPROCESSOR_DEFINITIONS = (
					"DEBUG=1",
					"$(inherited)",
				);
				GCC_WARN_64_TO_32_BIT_CONVERSION = YES;
				GCC_WARN_ABOUT_RETURN_TYPE = YES_ERROR;
				GCC_WARN_UNDECLARED_SELECTOR = YES;
				GCC_WARN_UNINITIALIZED_AUTOS = YES_AGGRESSIVE;
				GCC_WARN_UNUSED_FUNCTION = YES;
				GCC_WARN_UNUSED_VARIABLE = YES;
				IPHONEOS_DEPLOYMENT_TARGET = 18.4;
				LOCALIZATION_PREFERS_STRING_CATALOGS = YES;
				MTL_ENABLE_DEBUG_INFO = INCLUDE_SOURCE;
				MTL_FAST_MATH = YES;
				ONLY_ACTIVE_ARCH = YES;
				SDKROOT = iphoneos;
				SWIFT_ACTIVE_COMPILATION_CONDITIONS = "DEBUG $(inherited)";
				SWIFT_OPTIMIZATION_LEVEL = "-Onone";
			};
			name = Debug;
		};
		DDB15B352DC4150500512962 /* Release */ = {
			isa = XCBuildConfiguration;
			buildSettings = {
				ALWAYS_SEARCH_USER_PATHS = NO;
				ASSETCATALOG_COMPILER_GENERATE_SWIFT_ASSET_SYMBOL_EXTENSIONS = YES;
				CLANG_ANALYZER_NONNULL = YES;
				CLANG_ANALYZER_NUMBER_OBJECT_CONVERSION = YES_AGGRESSIVE;
				CLANG_CXX_LANGUAGE_STANDARD = "gnu++20";
				CLANG_ENABLE_MODULES = YES;
				CLANG_ENABLE_OBJC_ARC = YES;
				CLANG_ENABLE_OBJC_WEAK = YES;
				CLANG_WARN_BLOCK_CAPTURE_AUTORELEASING = YES;
				CLANG_WARN_BOOL_CONVERSION = YES;
				CLANG_WARN_COMMA = YES;
				CLANG_WARN_CONSTANT_CONVERSION = YES;
				CLANG_WARN_DEPRECATED_OBJC_IMPLEMENTATIONS = YES;
				CLANG_WARN_DIRECT_OBJC_ISA_USAGE = YES_ERROR;
				CLANG_WARN_DOCUMENTATION_COMMENTS = YES;
				CLANG_WARN_EMPTY_BODY = YES;
				CLANG_WARN_ENUM_CONVERSION = YES;
				CLANG_WARN_INFINITE_RECURSION = YES;
				CLANG_WARN_INT_CONVERSION = YES;
				CLANG_WARN_NON_LITERAL_NULL_CONVERSION = YES;
				CLANG_WARN_OBJC_IMPLICIT_RETAIN_SELF = YES;
				CLANG_WARN_OBJC_LITERAL_CONVERSION = YES;
				CLANG_WARN_OBJC_ROOT_CLASS = YES_ERROR;
				CLANG_WARN_QUOTED_INCLUDE_IN_FRAMEWORK_HEADER = YES;
				CLANG_WARN_RANGE_LOOP_ANALYSIS = YES;
				CLANG_WARN_STRICT_PROTOTYPES = YES;
				CLANG_WARN_SUSPICIOUS_MOVE = YES;
				CLANG_WARN_UNGUARDED_AVAILABILITY = YES_AGGRESSIVE;
				CLANG_WARN_UNREACHABLE_CODE = YES;
				CLANG_WARN__DUPLICATE_METHOD_MATCH = YES;
				COPY_PHASE_STRIP = NO;
				DEBUG_INFORMATION_FORMAT = "dwarf-with-dsym";
				DEVELOPMENT_TEAM = 8H232A89JN;
				ENABLE_NS_ASSERTIONS = NO;
				ENABLE_STRICT_OBJC_MSGSEND = YES;
				ENABLE_USER_SCRIPT_SANDBOXING = YES;
				GCC_C_LANGUAGE_STANDARD = gnu17;
				GCC_NO_COMMON_BLOCKS = YES;
				GCC_WARN_64_TO_32_BIT_CONVERSION = YES;
				GCC_WARN_ABOUT_RETURN_TYPE = YES_ERROR;
				GCC_WARN_UNDECLARED_SELECTOR = YES;
				GCC_WARN_UNINITIALIZED_AUTOS = YES_AGGRESSIVE;
				GCC_WARN_UNUSED_FUNCTION = YES;
				GCC_WARN_UNUSED_VARIABLE = YES;
				IPHONEOS_DEPLOYMENT_TARGET = 18.4;
				LOCALIZATION_PREFERS_STRING_CATALOGS = YES;
				MTL_ENABLE_DEBUG_INFO = NO;
				MTL_FAST_MATH = YES;
				SDKROOT = iphoneos;
				SWIFT_COMPILATION_MODE = wholemodule;
				VALIDATE_PRODUCT = YES;
			};
			name = Release;
		};
		DDB15B372DC4150500512962 /* Debug */ = {
			isa = XCBuildConfiguration;
			buildSettings = {
				ASSETCATALOG_COMPILER_APPICON_NAME = AppIcon;
				ASSETCATALOG_COMPILER_GLOBAL_ACCENT_COLOR_NAME = AccentColor;
				CODE_SIGN_ENTITLEMENTS = tracker/tracker.entitlements;
				CODE_SIGN_STYLE = Automatic;
				CURRENT_PROJECT_VERSION = 1;
				DEVELOPMENT_TEAM = 8H232A89JN;
				ENABLE_PREVIEWS = YES;
				GENERATE_INFOPLIST_FILE = YES;
				INFOPLIST_KEY_UIApplicationSceneManifest_Generation = YES;
				INFOPLIST_KEY_UIApplicationSupportsIndirectInputEvents = YES;
				INFOPLIST_KEY_UILaunchScreen_Generation = YES;
				INFOPLIST_KEY_UISupportedInterfaceOrientations_iPad = "UIInterfaceOrientationPortrait UIInterfaceOrientationPortraitUpsideDown UIInterfaceOrientationLandscapeLeft UIInterfaceOrientationLandscapeRight";
				INFOPLIST_KEY_UISupportedInterfaceOrientations_iPhone = "UIInterfaceOrientationPortrait UIInterfaceOrientationLandscapeLeft UIInterfaceOrientationLandscapeRight";
				LD_RUNPATH_SEARCH_PATHS = (
					"$(inherited)",
					"@executable_path/Frameworks",
				);
				MARKETING_VERSION = 1.0;
				PRODUCT_BUNDLE_IDENTIFIER = com.none.tracker;
				PRODUCT_NAME = "$(TARGET_NAME)";
				SUPPORTED_PLATFORMS = "iphoneos iphonesimulator";
				SUPPORTS_MACCATALYST = NO;
				SUPPORTS_MAC_DESIGNED_FOR_IPHONE_IPAD = NO;
				SUPPORTS_XR_DESIGNED_FOR_IPHONE_IPAD = NO;
				SWIFT_EMIT_LOC_STRINGS = YES;
				SWIFT_VERSION = 5.0;
				TARGETED_DEVICE_FAMILY = "1,2";
			};
			name = Debug;
		};
		DDB15B382DC4150500512962 /* Release */ = {
			isa = XCBuildConfiguration;
			buildSettings = {
				ASSETCATALOG_COMPILER_APPICON_NAME = AppIcon;
				ASSETCATALOG_COMPILER_GLOBAL_ACCENT_COLOR_NAME = AccentColor;
				CODE_SIGN_ENTITLEMENTS = tracker/tracker.entitlements;
				CODE_SIGN_STYLE = Automatic;
				CURRENT_PROJECT_VERSION = 1;
				DEVELOPMENT_TEAM = 8H232A89JN;
				ENABLE_PREVIEWS = YES;
				GENERATE_INFOPLIST_FILE = YES;
				INFOPLIST_KEY_UIApplicationSceneManifest_Generation = YES;
				INFOPLIST_KEY_UIApplicationSupportsIndirectInputEvents = YES;
				INFOPLIST_KEY_UILaunchScreen_Generation = YES;
				INFOPLIST_KEY_UISupportedInterfaceOrientations_iPad = "UIInterfaceOrientationPortrait UIInterfaceOrientationPortraitUpsideDown UIInterfaceOrientationLandscapeLeft UIInterfaceOrientationLandscapeRight";
				INFOPLIST_KEY_UISupportedInterfaceOrientations_iPhone = "UIInterfaceOrientationPortrait UIInterfaceOrientationLandscapeLeft UIInterfaceOrientationLandscapeRight";
				LD_RUNPATH_SEARCH_PATHS = (
					"$(inherited)",
					"@executable_path/Frameworks",
				);
				MARKETING_VERSION = 1.0;
				PRODUCT_BUNDLE_IDENTIFIER = com.none.tracker;
				PRODUCT_NAME = "$(TARGET_NAME)";
				SUPPORTED_PLATFORMS = "iphoneos iphonesimulator";
				SUPPORTS_MACCATALYST = NO;
				SUPPORTS_MAC_DESIGNED_FOR_IPHONE_IPAD = NO;
				SUPPORTS_XR_DESIGNED_FOR_IPHONE_IPAD = NO;
				SWIFT_EMIT_LOC_STRINGS = YES;
				SWIFT_VERSION = 5.0;
				TARGETED_DEVICE_FAMILY = "1,2";
			};
			name = Release;
		};
		DDB15B3A2DC4150500512962 /* Debug */ = {
			isa = XCBuildConfiguration;
			buildSettings = {
				BUNDLE_LOADER = "$(TEST_HOST)";
				CODE_SIGN_STYLE = Automatic;
				CURRENT_PROJECT_VERSION = 1;
				DEVELOPMENT_TEAM = 8H232A89JN;
				GENERATE_INFOPLIST_FILE = YES;
				IPHONEOS_DEPLOYMENT_TARGET = 18.4;
				MARKETING_VERSION = 1.0;
				PRODUCT_BUNDLE_IDENTIFIER = com.none.trackerTests;
				PRODUCT_NAME = "$(TARGET_NAME)";
				SWIFT_EMIT_LOC_STRINGS = NO;
				SWIFT_VERSION = 5.0;
				TARGETED_DEVICE_FAMILY = "1,2";
				TEST_HOST = "$(BUILT_PRODUCTS_DIR)/tracker.app/$(BUNDLE_EXECUTABLE_FOLDER_PATH)/tracker";
			};
			name = Debug;
		};
		DDB15B3B2DC4150500512962 /* Release */ = {
			isa = XCBuildConfiguration;
			buildSettings = {
				BUNDLE_LOADER = "$(TEST_HOST)";
				CODE_SIGN_STYLE = Automatic;
				CURRENT_PROJECT_VERSION = 1;
				DEVELOPMENT_TEAM = 8H232A89JN;
				GENERATE_INFOPLIST_FILE = YES;
				IPHONEOS_DEPLOYMENT_TARGET = 18.4;
				MARKETING_VERSION = 1.0;
				PRODUCT_BUNDLE_IDENTIFIER = com.none.trackerTests;
				PRODUCT_NAME = "$(TARGET_NAME)";
				SWIFT_EMIT_LOC_STRINGS = NO;
				SWIFT_VERSION = 5.0;
				TARGETED_DEVICE_FAMILY = "1,2";
				TEST_HOST = "$(BUILT_PRODUCTS_DIR)/tracker.app/$(BUNDLE_EXECUTABLE_FOLDER_PATH)/tracker";
			};
			name = Release;
		};
		DDB15B3D2DC4150500512962 /* Debug */ = {
			isa = XCBuildConfiguration;
			buildSettings = {
				CODE_SIGN_STYLE = Automatic;
				CURRENT_PROJECT_VERSION = 1;
				DEVELOPMENT_TEAM = 8H232A89JN;
				GENERATE_INFOPLIST_FILE = YES;
				MARKETING_VERSION = 1.0;
				PRODUCT_BUNDLE_IDENTIFIER = com.none.trackerUITests;
				PRODUCT_NAME = "$(TARGET_NAME)";
				SWIFT_EMIT_LOC_STRINGS = NO;
				SWIFT_VERSION = 5.0;
				TARGETED_DEVICE_FAMILY = "1,2";
				TEST_TARGET_NAME = tracker;
			};
			name = Debug;
		};
		DDB15B3E2DC4150500512962 /* Release */ = {
			isa = XCBuildConfiguration;
			buildSettings = {
				CODE_SIGN_STYLE = Automatic;
				CURRENT_PROJECT_VERSION = 1;
				DEVELOPMENT_TEAM = 8H232A89JN;
				GENERATE_INFOPLIST_FILE = YES;
				MARKETING_VERSION = 1.0;
				PRODUCT_BUNDLE_IDENTIFIER = com.none.trackerUITests;
				PRODUCT_NAME = "$(TARGET_NAME)";
				SWIFT_EMIT_LOC_STRINGS = NO;
				SWIFT_VERSION = 5.0;
				TARGETED_DEVICE_FAMILY = "1,2";
				TEST_TARGET_NAME = tracker;
			};
			name = Release;
		};
/* End XCBuildConfiguration section */

/* Begin XCConfigurationList section */
		DD22C6532DD2869C004C58C8 /* Build configuration list for PBXNativeTarget "TrackerWidgetExtension" */ = {
			isa = XCConfigurationList;
			buildConfigurations = (
				DD22C6502DD2869C004C58C8 /* Debug */,
				DD22C6512DD2869C004C58C8 /* Release */,
			);
			defaultConfigurationIsVisible = 0;
			defaultConfigurationName = Release;
		};
		DDB15B0B2DC4150400512962 /* Build configuration list for PBXProject "tracker" */ = {
			isa = XCConfigurationList;
			buildConfigurations = (
				DDB15B342DC4150500512962 /* Debug */,
				DDB15B352DC4150500512962 /* Release */,
			);
			defaultConfigurationIsVisible = 0;
			defaultConfigurationName = Release;
		};
		DDB15B362DC4150500512962 /* Build configuration list for PBXNativeTarget "tracker" */ = {
			isa = XCConfigurationList;
			buildConfigurations = (
				DDB15B372DC4150500512962 /* Debug */,
				DDB15B382DC4150500512962 /* Release */,
			);
			defaultConfigurationIsVisible = 0;
			defaultConfigurationName = Release;
		};
		DDB15B392DC4150500512962 /* Build configuration list for PBXNativeTarget "trackerTests" */ = {
			isa = XCConfigurationList;
			buildConfigurations = (
				DDB15B3A2DC4150500512962 /* Debug */,
				DDB15B3B2DC4150500512962 /* Release */,
			);
			defaultConfigurationIsVisible = 0;
			defaultConfigurationName = Release;
		};
		DDB15B3C2DC4150500512962 /* Build configuration list for PBXNativeTarget "trackerUITests" */ = {
			isa = XCConfigurationList;
			buildConfigurations = (
				DDB15B3D2DC4150500512962 /* Debug */,
				DDB15B3E2DC4150500512962 /* Release */,
			);
			defaultConfigurationIsVisible = 0;
			defaultConfigurationName = Release;
		};
/* End XCConfigurationList section */
	};
	rootObject = DDB15B082DC4150400512962 /* Project object */;
}
